
Microsoft Visual Studio Solution File, Format Version 12.00
# Visual Studio Version 17
VisualStudioVersion = 17.7.34221.43
MinimumVisualStudioVersion = 10.0.40219.1
Project("{9A19103F-16F7-4668-BE54-9A1E7A4F7556}") = "SolisCloudProxy", "src\SolisCloudProxy\SolisCloudProxy.csproj", "{967E13D3-F012-4519-A440-FF3E4AC2E7C4}"
EndProject
Global
	GlobalSection(SolutionConfigurationPlatforms) = preSolution
		Debug|Any CPU = Debug|Any CPU
		Release|Any CPU = Release|Any CPU
	EndGlobalSection
	GlobalSection(ProjectConfigurationPlatforms) = postSolution
		{967E13D3-F012-4519-A440-FF3E4AC2E7C4}.Debug|Any CPU.ActiveCfg = Debug|Any CPU
		{967E13D3-F012-4519-A440-FF3E4AC2E7C4}.Debug|Any CPU.Build.0 = Debug|Any CPU
		{967E13D3-F012-4519-A440-FF3E4AC2E7C4}.Release|Any CPU.ActiveCfg = Release|Any CPU
		{967E13D3-F012-4519-A440-FF3E4AC2E7C4}.Release|Any CPU.Build.0 = Release|Any CPU
	EndGlobalSection
	GlobalSection(SolutionProperties) = preSolution
		HideSolutionNode = FALSE
	EndGlobalSection
	GlobalSection(ExtensibilityGlobals) = postSolution
		SolutionGuid = {E20D8BAF-154C-4CDE-A1E7-C9351705AA50}
	EndGlobalSection
EndGlobal
